
Microsoft Visual Studio Solution File, Format Version 12.00
Project("{FAE04EC0-301F-11D3-BF4B-00C04F79EFBC}") = "FPacker", "FPacker\FPacker.csproj", "{7FBF0AB5-A26F-4EC8-AC28-B37DD1276FC2}"
EndProject
Project("{FAE04EC0-301F-11D3-BF4B-00C04F79EFBC}") = "FPBackend", "FPBackend\FPBackend.csproj", "{E528E6A1-2F06-4C33-BB34-449079080D90}"
EndProject
Global
	GlobalSection(SolutionConfigurationPlatforms) = preSolution
		Debug|Any CPU = Debug|Any CPU
		Release|Any CPU = Release|Any CPU
	EndGlobalSection
	GlobalSection(ProjectConfigurationPlatforms) = postSolution
		{7FBF0AB5-A26F-4EC8-AC28-B37DD1276FC2}.Debug|Any CPU.ActiveCfg = Debug|Any CPU
		{7FBF0AB5-A26F-4EC8-AC28-B37DD1276FC2}.Debug|Any CPU.Build.0 = Debug|Any CPU
		{7FBF0AB5-A26F-4EC8-AC28-B37DD1276FC2}.Release|Any CPU.ActiveCfg = Release|Any CPU
		{7FBF0AB5-A26F-4EC8-AC28-B37DD1276FC2}.Release|Any CPU.Build.0 = Release|Any CPU
		{E528E6A1-2F06-4C33-BB34-449079080D90}.Debug|Any CPU.ActiveCfg = Debug|Any CPU
		{E528E6A1-2F06-4C33-BB34-449079080D90}.Debug|Any CPU.Build.0 = Debug|Any CPU
		{E528E6A1-2F06-4C33-BB34-449079080D90}.Release|Any CPU.ActiveCfg = Release|Any CPU
		{E528E6A1-2F06-4C33-BB34-449079080D90}.Release|Any CPU.Build.0 = Release|Any CPU
	EndGlobalSection
EndGlobal
